
Microsoft Visual Studio Solution File, Format Version 12.00
# Visual Studio Version 17
VisualStudioVersion = 17.4.33110.190
MinimumVisualStudioVersion = 10.0.40219.1
Project("{FAE04EC0-301F-11D3-BF4B-00C04F79EFBC}") = "OutlookAddIn1", "OutlookAddIn1\OutlookAddIn1.csproj", "{CA8F7230-5793-4837-9328-14E88267BEF1}"
EndProject
Project("{FAE04EC0-301F-11D3-BF4B-00C04F79EFBC}") = "ProbarEndPoint", "ProbarEndPoint\ProbarEndPoint.csproj", "{47A86D8E-8454-4A58-A235-12AD40790B82}"
EndProject
Project("{FAE04EC0-301F-11D3-BF4B-00C04F79EFBC}") = "ApiConsumoOutlook", "ApiConsumoOutlook\ApiConsumoOutlook.csproj", "{B5B9821B-606E-4EB8-8B3C-2D1B6490B5F2}"
EndProject
Project("{FAE04EC0-301F-11D3-BF4B-00C04F79EFBC}") = "Entidades2", "Entidades2\Entidades2.csproj", "{991F941E-C4FD-40C2-B839-08B73C95594D}"
EndProject
Global
	GlobalSection(SolutionConfigurationPlatforms) = preSolution
		Debug|Any CPU = Debug|Any CPU
		Release|Any CPU = Release|Any CPU
	EndGlobalSection
	GlobalSection(ProjectConfigurationPlatforms) = postSolution
		{CA8F7230-5793-4837-9328-14E88267BEF1}.Debug|Any CPU.ActiveCfg = Debug|Any CPU
		{CA8F7230-5793-4837-9328-14E88267BEF1}.Debug|Any CPU.Build.0 = Debug|Any CPU
		{CA8F7230-5793-4837-9328-14E88267BEF1}.Release|Any CPU.ActiveCfg = Release|Any CPU
		{CA8F7230-5793-4837-9328-14E88267BEF1}.Release|Any CPU.Build.0 = Release|Any CPU
		{47A86D8E-8454-4A58-A235-12AD40790B82}.Debug|Any CPU.ActiveCfg = Debug|Any CPU
		{47A86D8E-8454-4A58-A235-12AD40790B82}.Debug|Any CPU.Build.0 = Debug|Any CPU
		{47A86D8E-8454-4A58-A235-12AD40790B82}.Release|Any CPU.ActiveCfg = Release|Any CPU
		{47A86D8E-8454-4A58-A235-12AD40790B82}.Release|Any CPU.Build.0 = Release|Any CPU
		{B5B9821B-606E-4EB8-8B3C-2D1B6490B5F2}.Debug|Any CPU.ActiveCfg = Debug|Any CPU
		{B5B9821B-606E-4EB8-8B3C-2D1B6490B5F2}.Debug|Any CPU.Build.0 = Debug|Any CPU
		{B5B9821B-606E-4EB8-8B3C-2D1B6490B5F2}.Release|Any CPU.ActiveCfg = Release|Any CPU
		{B5B9821B-606E-4EB8-8B3C-2D1B6490B5F2}.Release|Any CPU.Build.0 = Release|Any CPU
		{991F941E-C4FD-40C2-B839-08B73C95594D}.Debug|Any CPU.ActiveCfg = Debug|Any CPU
		{991F941E-C4FD-40C2-B839-08B73C95594D}.Debug|Any CPU.Build.0 = Debug|Any CPU
		{991F941E-C4FD-40C2-B839-08B73C95594D}.Release|Any CPU.ActiveCfg = Release|Any CPU
		{991F941E-C4FD-40C2-B839-08B73C95594D}.Release|Any CPU.Build.0 = Release|Any CPU
	EndGlobalSection
	GlobalSection(SolutionProperties) = preSolution
		HideSolutionNode = FALSE
	EndGlobalSection
	GlobalSection(ExtensibilityGlobals) = postSolution
		SolutionGuid = {A42CF15B-8914-49DA-905A-C5169F7BE6B5}
	EndGlobalSection
EndGlobal
